
Microsoft Visual Studio Solution File, Format Version 12.00
# Visual Studio Version 16
VisualStudioVersion = 16.0.29102.190
MinimumVisualStudioVersion = 10.0.40219.1
Project("{8BC9CEB8-8B4A-11D0-8D11-00A0C91BC942}") = "Chapter 4 - Load BitMap", "Chapter 4 - Load BitMap\Chapter 4 - Load BitMap.vcxproj", "{35B830D5-7A42-4EC6-8859-FF3D4D2F336E}"
EndProject
Global
	GlobalSection(SolutionConfigurationPlatforms) = preSolution
		Debug|x64 = Debug|x64
		Debug|x86 = Debug|x86
		Release|x64 = Release|x64
		Release|x86 = Release|x86
	EndGlobalSection
	GlobalSection(ProjectConfigurationPlatforms) = postSolution
		{35B830D5-7A42-4EC6-8859-FF3D4D2F336E}.Debug|x64.ActiveCfg = Debug|x64
		{35B830D5-7A42-4EC6-8859-FF3D4D2F336E}.Debug|x64.Build.0 = Debug|x64
		{35B830D5-7A42-4EC6-8859-FF3D4D2F336E}.Debug|x86.ActiveCfg = Debug|Win32
		{35B830D5-7A42-4EC6-8859-FF3D4D2F336E}.Debug|x86.Build.0 = Debug|Win32
		{35B830D5-7A42-4EC6-8859-FF3D4D2F336E}.Release|x64.ActiveCfg = Release|x64
		{35B830D5-7A42-4EC6-8859-FF3D4D2F336E}.Release|x64.Build.0 = Release|x64
		{35B830D5-7A42-4EC6-8859-FF3D4D2F336E}.Release|x86.ActiveCfg = Release|Win32
		{35B830D5-7A42-4EC6-8859-FF3D4D2F336E}.Release|x86.Build.0 = Release|Win32
	EndGlobalSection
	GlobalSection(SolutionProperties) = preSolution
		HideSolutionNode = FALSE
	EndGlobalSection
	GlobalSection(ExtensibilityGlobals) = postSolution
		SolutionGuid = {0C550174-EB1F-46C4-803C-3CE416BDA174}
	EndGlobalSection
EndGlobal
